
Microsoft Visual Studio Solution File, Format Version 12.00
Project("{FAE04EC0-301F-11D3-BF4B-00C04F79EFBC}") = "Nexy", "Nexy.csproj", "{75B624BB-8CF2-453F-8AF2-43F21BAD5A87}"
EndProject
Global
	GlobalSection(SolutionConfigurationPlatforms) = preSolution
		Debug|Any CPU = Debug|Any CPU
		Release|Any CPU = Release|Any CPU
	EndGlobalSection
	GlobalSection(ProjectConfigurationPlatforms) = postSolution
		{75B624BB-8CF2-453F-8AF2-43F21BAD5A87}.Debug|Any CPU.ActiveCfg = Debug|Any CPU
		{75B624BB-8CF2-453F-8AF2-43F21BAD5A87}.Debug|Any CPU.Build.0 = Debug|Any CPU
		{75B624BB-8CF2-453F-8AF2-43F21BAD5A87}.Release|Any CPU.ActiveCfg = Release|Any CPU
		{75B624BB-8CF2-453F-8AF2-43F21BAD5A87}.Release|Any CPU.Build.0 = Release|Any CPU
	EndGlobalSection
EndGlobal
